{
  "name": "hello-example",
  "version": "1.0.0",
  "lockfileVersion": 3,
  "requires": true,
  "packages": {
    "": {
      "name": "hello-example",
      "version": "1.0.0",
      "dependencies": {
        "@wasm-sandbox/runtime": "^1.0.5"
      }
    },
    "node_modules/@wasm-sandbox/runtime": {
      "version": "1.0.5",
      "resolved": "https://registry.npmjs.org/@wasm-sandbox/runtime/-/runtime-1.0.5.tgz",
      "integrity": "sha512-qT7Rv450sbLvYZIHGFloIufmF14BXRBfMFWcYM34wh96YpaK8r2n5aIbdIHrJxHMxPqVTvQNgxWBRuLEFvKWhA==",
      "license": "MIT",
      "engines": {
        "node": ">= 12.22.0 < 13 || >= 14.17.0 < 15 || >= 15.12.0 < 16 || >= 16.0.0"
      },
      "optionalDependencies": {
        "@wasm-sandbox/wasm-sandbox.darwin-arm64": "1.0.1",
        "@wasm-sandbox/wasm-sandbox.darwin-x64": "1.0.1",
        "@wasm-sandbox/wasm-sandbox.linux-arm64-gnu": "1.0.01",
        "@wasm-sandbox/wasm-sandbox.linux-arm64-musl": "1.0.1",
        "@wasm-sandbox/wasm-sandbox.linux-x64-gnu": "1.0.1",
        "@wasm-sandbox/wasm-sandbox.linux-x64-musl": "1.0.1",
        "@wasm-sandbox/wasm-sandbox.win32-arm64-msvc": "1.0.1",
        "@wasm-sandbox/wasm-sandbox.win32-x64-msvc": "1.0.1"
      }
    },
    "node_modules/@wasm-sandbox/wasm-sandbox.win32-arm64-msvc": {
      "version": "1.0.1",
      "resolved": "https://registry.npmjs.org/@wasm-sandbox/wasm-sandbox.win32-arm64-msvc/-/wasm-sandbox.win32-arm64-msvc-1.0.1.tgz",
      "integrity": "sha512-WyoNBZlkeDvLNyByo7ZQuLhgDIHOmmbyuoxWfBGzsFxFbTQ/dHfaQ5UCMP76c4SUeDRS9zZj1Z/AJtzRxUFL+A==",
      "cpu": [
        "arm64"
      ],
      "license": "MIT",
      "optional": true,
      "os": [
        "win32"
      ]
    },
    "node_modules/@wasm-sandbox/wasm-sandbox.win32-x64-msvc": {
      "version": "1.0.1",
      "resolved": "https://registry.npmjs.org/@wasm-sandbox/wasm-sandbox.win32-x64-msvc/-/wasm-sandbox.win32-x64-msvc-1.0.1.tgz",
      "integrity": "sha512-t64D0pur1lKyfJV+6YJJNJnyojd3OxutyoJ5cziXCRr5Kt3z+BwLyoxmFlUo48q5M+rz+mSC1z6qqiw+fPD+vw==",
      "cpu": [
        "x64"
      ],
      "license": "MIT",
      "optional": true,
      "os": [
        "win32"
      ]
    }
  }
}
