{
  "name": "openclaw-wasm-sandbox",
  "version": "0.3.0",
  "lockfileVersion": 3,
  "requires": true,
  "packages": {
    "": {
      "name": "openclaw-wasm-sandbox",
      "version": "0.3.0",
      "license": "MIT",
      "dependencies": {
        "@sinclair/typebox": "^0.34.49",
        "@wasm-sandbox/runtime": "^1.2.0"
      }
    },
    "node_modules/@sinclair/typebox": {
      "version": "0.34.49",
      "resolved": "https://registry.npmmirror.com/@sinclair/typebox/-/typebox-0.34.49.tgz",
      "integrity": "sha512-brySQQs7Jtn0joV8Xh9ZV/hZb9Ozb0pmazDIASBkYKCjXrXU3mpcFahmK/z4YDhGkQvP9mWJbVyahdtU5wQA+A==",
      "license": "MIT"
    },
    "node_modules/@wasm-sandbox/runtime": {
      "version": "1.3.0",
      "resolved": "https://registry.npmmirror.com/@wasm-sandbox/runtime/-/runtime-1.3.0.tgz",
      "integrity": "sha512-8YuQvbK7MbtMQOOT159Fx8IZ+rSj6iKpLWo0FiVCVt2szT6FfXLFW7ZHfqf78G4InOo1RPSa42Z7aJK0snXPKg==",
      "license": "MIT",
      "engines": {
        "node": ">= 12.22.0 < 13 || >= 14.17.0 < 15 || >= 15.12.0 < 16 || >= 16.0.0"
      },
      "optionalDependencies": {
        "@wasm-sandbox/wasm-sandbox.darwin-arm64": "1.3.0",
        "@wasm-sandbox/wasm-sandbox.darwin-x64": "1.3.0",
        "@wasm-sandbox/wasm-sandbox.linux-arm64-gnu": "1.3.0",
        "@wasm-sandbox/wasm-sandbox.linux-arm64-musl": "1.3.0",
        "@wasm-sandbox/wasm-sandbox.linux-x64-gnu": "1.3.0",
        "@wasm-sandbox/wasm-sandbox.linux-x64-musl": "1.3.0",
        "@wasm-sandbox/wasm-sandbox.win32-arm64-msvc": "1.3.0",
        "@wasm-sandbox/wasm-sandbox.win32-x64-msvc": "1.3.0"
      }
    },
    "node_modules/@wasm-sandbox/runtime/node_modules/@wasm-sandbox/wasm-sandbox.linux-arm64-musl": {
      "optional": true
    },
    "node_modules/@wasm-sandbox/runtime/node_modules/@wasm-sandbox/wasm-sandbox.linux-x64-musl": {
      "optional": true
    },
    "node_modules/@wasm-sandbox/wasm-sandbox.darwin-arm64": {
      "version": "1.3.0",
      "resolved": "https://registry.npmmirror.com/@wasm-sandbox/wasm-sandbox.darwin-arm64/-/wasm-sandbox.darwin-arm64-1.3.0.tgz",
      "integrity": "sha512-tJIJWrKOYuIiE8rJbETadXn28RUlQTonkpMivhFCcSk9uJDdJfGrJcRTDYJzfIRa4737JjpFA01haMV4shTJcQ==",
      "cpu": [
        "arm64"
      ],
      "license": "MIT",
      "optional": true,
      "os": [
        "darwin"
      ]
    },
    "node_modules/@wasm-sandbox/wasm-sandbox.darwin-x64": {
      "version": "1.3.0",
      "resolved": "https://registry.npmmirror.com/@wasm-sandbox/wasm-sandbox.darwin-x64/-/wasm-sandbox.darwin-x64-1.3.0.tgz",
      "integrity": "sha512-Uu40AD7RxkbsHpdTgfZuoCSmXP7orvtwboIoqAc4GLkM21hVvy5aBMBZDdUbSh3O4MMzlftDteC/Vg6juN88tg==",
      "cpu": [
        "x64"
      ],
      "license": "MIT",
      "optional": true,
      "os": [
        "darwin"
      ]
    },
    "node_modules/@wasm-sandbox/wasm-sandbox.linux-arm64-gnu": {
      "version": "1.3.0",
      "resolved": "https://registry.npmmirror.com/@wasm-sandbox/wasm-sandbox.linux-arm64-gnu/-/wasm-sandbox.linux-arm64-gnu-1.3.0.tgz",
      "integrity": "sha512-v/GldIXmmzEy/rncaAv+53QaudNxmwC/SoRPI/zd1zibQaTT3ywOErVwsy4w0t2onvbEZ01YJlvDrRZLKP8lfQ==",
      "cpu": [
        "arm64"
      ],
      "license": "MIT",
      "optional": true,
      "os": [
        "linux"
      ]
    },
    "node_modules/@wasm-sandbox/wasm-sandbox.linux-x64-gnu": {
      "version": "1.3.0",
      "resolved": "https://registry.npmmirror.com/@wasm-sandbox/wasm-sandbox.linux-x64-gnu/-/wasm-sandbox.linux-x64-gnu-1.3.0.tgz",
      "integrity": "sha512-jS1SVRDezh9KUuW60BD2C9KePcJKK9o5+3HdA3SqZgIMmWPZ8pH6gTgbszJFCIBlr4IEPIjo0erSNoRX7LNYTA==",
      "cpu": [
        "x64"
      ],
      "license": "MIT",
      "optional": true,
      "os": [
        "linux"
      ]
    },
    "node_modules/@wasm-sandbox/wasm-sandbox.win32-arm64-msvc": {
      "version": "1.3.0",
      "resolved": "https://registry.npmmirror.com/@wasm-sandbox/wasm-sandbox.win32-arm64-msvc/-/wasm-sandbox.win32-arm64-msvc-1.3.0.tgz",
      "integrity": "sha512-QsuPSDxtGSX5sS56HRee7tDBUs6Yl1l+ewfLXB7r1uSnrdM+XSX2OST2qDpxEko9ATO2aRcGkIIHcvbldpBp9w==",
      "cpu": [
        "arm64"
      ],
      "license": "MIT",
      "optional": true,
      "os": [
        "win32"
      ]
    },
    "node_modules/@wasm-sandbox/wasm-sandbox.win32-x64-msvc": {
      "version": "1.3.0",
      "resolved": "https://registry.npmmirror.com/@wasm-sandbox/wasm-sandbox.win32-x64-msvc/-/wasm-sandbox.win32-x64-msvc-1.3.0.tgz",
      "integrity": "sha512-C8nWVyIeo86yZ/zT+m+vBJ+kkZDYoozohqt/0JbQNm7dmj7fqp1EFheldLAp9nZ9gnnaumCTIF7sUwlwznKT8g==",
      "cpu": [
        "x64"
      ],
      "license": "MIT",
      "optional": true,
      "os": [
        "win32"
      ]
    }
  }
}
